
Microsoft Visual Studio Solution File, Format Version 12.00
# Visual Studio Version 17
VisualStudioVersion = 17.1.32210.238
MinimumVisualStudioVersion = 10.0.40219.1
Project("{FAE04EC0-301F-11D3-BF4B-00C04F79EFBC}") = "LifeFitsHome", "LifeFitsHome\LifeFitsHome.csproj", "{A9E70BB4-6389-4217-81CF-89921C4688E0}"
EndProject
Global
	GlobalSection(SolutionConfigurationPlatforms) = preSolution
		Debug|Any CPU = Debug|Any CPU
		Release|Any CPU = Release|Any CPU
	EndGlobalSection
	GlobalSection(ProjectConfigurationPlatforms) = postSolution
		{A9E70BB4-6389-4217-81CF-89921C4688E0}.Debug|Any CPU.ActiveCfg = Debug|Any CPU
		{A9E70BB4-6389-4217-81CF-89921C4688E0}.Debug|Any CPU.Build.0 = Debug|Any CPU
		{A9E70BB4-6389-4217-81CF-89921C4688E0}.Release|Any CPU.ActiveCfg = Release|Any CPU
		{A9E70BB4-6389-4217-81CF-89921C4688E0}.Release|Any CPU.Build.0 = Release|Any CPU
	EndGlobalSection
	GlobalSection(SolutionProperties) = preSolution
		HideSolutionNode = FALSE
	EndGlobalSection
	GlobalSection(ExtensibilityGlobals) = postSolution
		SolutionGuid = {C8CB0840-6892-422F-9DF4-696AF851AE13}
	EndGlobalSection
EndGlobal
